
Microsoft Visual Studio Solution File, Format Version 12.00
# Visual Studio Version 16
VisualStudioVersion = 16.0.30330.147
MinimumVisualStudioVersion = 10.0.40219.1
Project("{FAE04EC0-301F-11D3-BF4B-00C04F79EFBC}") = "EjercicioPag192", "EjercicioPag192\EjercicioPag192.csproj", "{997C5EE1-BA17-4CF4-94F1-D1FA5847A53C}"
EndProject
Global
	GlobalSection(SolutionConfigurationPlatforms) = preSolution
		Debug|Any CPU = Debug|Any CPU
		Release|Any CPU = Release|Any CPU
	EndGlobalSection
	GlobalSection(ProjectConfigurationPlatforms) = postSolution
		{997C5EE1-BA17-4CF4-94F1-D1FA5847A53C}.Debug|Any CPU.ActiveCfg = Debug|Any CPU
		{997C5EE1-BA17-4CF4-94F1-D1FA5847A53C}.Debug|Any CPU.Build.0 = Debug|Any CPU
		{997C5EE1-BA17-4CF4-94F1-D1FA5847A53C}.Release|Any CPU.ActiveCfg = Release|Any CPU
		{997C5EE1-BA17-4CF4-94F1-D1FA5847A53C}.Release|Any CPU.Build.0 = Release|Any CPU
	EndGlobalSection
	GlobalSection(SolutionProperties) = preSolution
		HideSolutionNode = FALSE
	EndGlobalSection
	GlobalSection(ExtensibilityGlobals) = postSolution
		SolutionGuid = {7313CEEE-A4E2-4C75-B2FE-5D775CDCAD9B}
	EndGlobalSection
EndGlobal
